
Microsoft Visual Studio Solution File, Format Version 12.00
# Visual Studio 15
VisualStudioVersion = 15.0.26124.0
MinimumVisualStudioVersion = 15.0.26124.0
Project("{FAE04EC0-301F-11D3-BF4B-00C04F79EFBC}") = "routineorganizerinfra", "routineorganizerinfra\routineorganizerdinfra.csproj", "{1912811B-175A-473F-A7A6-BE4AAAE736E4}"
EndProject
Project("{FAE04EC0-301F-11D3-BF4B-00C04F79EFBC}") = "routineorganizerdomain", "routineorganizerdomain\routineorganizerdomain.csproj", "{4D35FCDB-EEEA-4B1E-8A35-FB29A2A4CEB3}"
EndProject
Project("{FAE04EC0-301F-11D3-BF4B-00C04F79EFBC}") = "routineorganizer.api", "routineorganizerapi\routineorganizer.api.csproj", "{DCB3D84A-1704-41C8-8DBD-17858C6C6476}"
EndProject
Global
	GlobalSection(SolutionConfigurationPlatforms) = preSolution
		Debug|Any CPU = Debug|Any CPU
		Debug|x64 = Debug|x64
		Debug|x86 = Debug|x86
		Release|Any CPU = Release|Any CPU
		Release|x64 = Release|x64
		Release|x86 = Release|x86
	EndGlobalSection
	GlobalSection(SolutionProperties) = preSolution
		HideSolutionNode = FALSE
	EndGlobalSection
	GlobalSection(ProjectConfigurationPlatforms) = postSolution
		{1912811B-175A-473F-A7A6-BE4AAAE736E4}.Debug|Any CPU.ActiveCfg = Debug|Any CPU
		{1912811B-175A-473F-A7A6-BE4AAAE736E4}.Debug|Any CPU.Build.0 = Debug|Any CPU
		{1912811B-175A-473F-A7A6-BE4AAAE736E4}.Debug|x64.ActiveCfg = Debug|Any CPU
		{1912811B-175A-473F-A7A6-BE4AAAE736E4}.Debug|x64.Build.0 = Debug|Any CPU
		{1912811B-175A-473F-A7A6-BE4AAAE736E4}.Debug|x86.ActiveCfg = Debug|Any CPU
		{1912811B-175A-473F-A7A6-BE4AAAE736E4}.Debug|x86.Build.0 = Debug|Any CPU
		{1912811B-175A-473F-A7A6-BE4AAAE736E4}.Release|Any CPU.ActiveCfg = Release|Any CPU
		{1912811B-175A-473F-A7A6-BE4AAAE736E4}.Release|Any CPU.Build.0 = Release|Any CPU
		{1912811B-175A-473F-A7A6-BE4AAAE736E4}.Release|x64.ActiveCfg = Release|Any CPU
		{1912811B-175A-473F-A7A6-BE4AAAE736E4}.Release|x64.Build.0 = Release|Any CPU
		{1912811B-175A-473F-A7A6-BE4AAAE736E4}.Release|x86.ActiveCfg = Release|Any CPU
		{1912811B-175A-473F-A7A6-BE4AAAE736E4}.Release|x86.Build.0 = Release|Any CPU
		{4D35FCDB-EEEA-4B1E-8A35-FB29A2A4CEB3}.Debug|Any CPU.ActiveCfg = Debug|Any CPU
		{4D35FCDB-EEEA-4B1E-8A35-FB29A2A4CEB3}.Debug|Any CPU.Build.0 = Debug|Any CPU
		{4D35FCDB-EEEA-4B1E-8A35-FB29A2A4CEB3}.Debug|x64.ActiveCfg = Debug|Any CPU
		{4D35FCDB-EEEA-4B1E-8A35-FB29A2A4CEB3}.Debug|x64.Build.0 = Debug|Any CPU
		{4D35FCDB-EEEA-4B1E-8A35-FB29A2A4CEB3}.Debug|x86.ActiveCfg = Debug|Any CPU
		{4D35FCDB-EEEA-4B1E-8A35-FB29A2A4CEB3}.Debug|x86.Build.0 = Debug|Any CPU
		{4D35FCDB-EEEA-4B1E-8A35-FB29A2A4CEB3}.Release|Any CPU.ActiveCfg = Release|Any CPU
		{4D35FCDB-EEEA-4B1E-8A35-FB29A2A4CEB3}.Release|Any CPU.Build.0 = Release|Any CPU
		{4D35FCDB-EEEA-4B1E-8A35-FB29A2A4CEB3}.Release|x64.ActiveCfg = Release|Any CPU
		{4D35FCDB-EEEA-4B1E-8A35-FB29A2A4CEB3}.Release|x64.Build.0 = Release|Any CPU
		{4D35FCDB-EEEA-4B1E-8A35-FB29A2A4CEB3}.Release|x86.ActiveCfg = Release|Any CPU
		{4D35FCDB-EEEA-4B1E-8A35-FB29A2A4CEB3}.Release|x86.Build.0 = Release|Any CPU
		{DCB3D84A-1704-41C8-8DBD-17858C6C6476}.Debug|Any CPU.ActiveCfg = Debug|Any CPU
		{DCB3D84A-1704-41C8-8DBD-17858C6C6476}.Debug|Any CPU.Build.0 = Debug|Any CPU
		{DCB3D84A-1704-41C8-8DBD-17858C6C6476}.Debug|x64.ActiveCfg = Debug|Any CPU
		{DCB3D84A-1704-41C8-8DBD-17858C6C6476}.Debug|x64.Build.0 = Debug|Any CPU
		{DCB3D84A-1704-41C8-8DBD-17858C6C6476}.Debug|x86.ActiveCfg = Debug|Any CPU
		{DCB3D84A-1704-41C8-8DBD-17858C6C6476}.Debug|x86.Build.0 = Debug|Any CPU
		{DCB3D84A-1704-41C8-8DBD-17858C6C6476}.Release|Any CPU.ActiveCfg = Release|Any CPU
		{DCB3D84A-1704-41C8-8DBD-17858C6C6476}.Release|Any CPU.Build.0 = Release|Any CPU
		{DCB3D84A-1704-41C8-8DBD-17858C6C6476}.Release|x64.ActiveCfg = Release|Any CPU
		{DCB3D84A-1704-41C8-8DBD-17858C6C6476}.Release|x64.Build.0 = Release|Any CPU
		{DCB3D84A-1704-41C8-8DBD-17858C6C6476}.Release|x86.ActiveCfg = Release|Any CPU
		{DCB3D84A-1704-41C8-8DBD-17858C6C6476}.Release|x86.Build.0 = Release|Any CPU
	EndGlobalSection
EndGlobal
